// !$*UTF8*$!
{
	archiveVersion = 1;
	classes = {
	};
	objectVersion = 48;
	objects = {

/* Begin PBXBuildFile section */
		AD4DA68C1FDB384500ADC8B9 /* AppDelegate.swift in Sources */ = {isa = PBXBuildFile; fileRef = AD4DA68B1FDB384500ADC8B9 /* AppDelegate.swift */; };
		AD4DA68E1FDB384500ADC8B9 /* ViewController.swift in Sources */ = {isa = PBXBuildFile; fileRef = AD4DA68D1FDB384500ADC8B9 /* ViewController.swift */; };
		AD4DA6911FDB384500ADC8B9 /* Main.storyboard in Resources */ = {isa = PBXBuildFile; fileRef = AD4DA68F1FDB384500ADC8B9 /* Main.storyboard */; };
		AD4DA6931FDB384500ADC8B9 /* Assets.xcassets in Resources */ = {isa = PBXBuildFile; fileRef = AD4DA6921FDB384500ADC8B9 /* Assets.xcassets */; };
		AD4DA6961FDB384500ADC8B9 /* LaunchScreen.storyboard in Resources */ = {isa = PBXBuildFile; fileRef = AD4DA6941FDB384500ADC8B9 /* LaunchScreen.storyboard */; };
		AD4DA69E1FDB38A600ADC8B9 /* HapticButton.swift in Sources */ = {isa = PBXBuildFile; fileRef = AD4DA69D1FDB38A600ADC8B9 /* HapticButton.swift */; };
		AD4DA6A21FDB607700ADC8B9 /* Colors.swift in Sources */ = {isa = PBXBuildFile; fileRef = AD4DA6A11FDB607700ADC8B9 /* Colors.swift */; };
		ADB5F9281FDE22ED00BC3F90 /* InteractiveView.swift in Sources */ = {isa = PBXBuildFile; fileRef = ADB5F9271FDE22ED00BC3F90 /* InteractiveView.swift */; };
		ADB5F92A1FDE24B700BC3F90 /* LightView.swift in Sources */ = {isa = PBXBuildFile; fileRef = ADB5F9291FDE24B700BC3F90 /* LightView.swift */; };
/* End PBXBuildFile section */

/* Begin PBXFileReference section */
		AD4DA6881FDB384500ADC8B9 /* HapticButtons.app */ = {isa = PBXFileReference; explicitFileType = wrapper.application; includeInIndex = 0; path = HapticButtons.app; sourceTree = BUILT_PRODUCTS_DIR; };
		AD4DA68B1FDB384500ADC8B9 /* AppDelegate.swift */ = {isa = PBXFileReference; lastKnownFileType = sourcecode.swift; path = AppDelegate.swift; sourceTree = "<group>"; };
		AD4DA68D1FDB384500ADC8B9 /* ViewController.swift */ = {isa = PBXFileReference; lastKnownFileType = sourcecode.swift; path = ViewController.swift; sourceTree = "<group>"; };
		AD4DA6901FDB384500ADC8B9 /* Base */ = {isa = PBXFileReference; lastKnownFileType = file.storyboard; name = Base; path = Base.lproj/Main.storyboard; sourceTree = "<group>"; };
		AD4DA6921FDB384500ADC8B9 /* Assets.xcassets */ = {isa = PBXFileReference; lastKnownFileType = folder.assetcatalog; path = Assets.xcassets; sourceTree = "<group>"; };
		AD4DA6951FDB384500ADC8B9 /* Base */ = {isa = PBXFileReference; lastKnownFileType = file.storyboard; name = Base; path = Base.lproj/LaunchScreen.storyboard; sourceTree = "<group>"; };
		AD4DA6971FDB384500ADC8B9 /* Info.plist */ = {isa = PBXFileReference; lastKnownFileType = text.plist.xml; path = Info.plist; sourceTree = "<group>"; };
		AD4DA69D1FDB38A600ADC8B9 /* HapticButton.swift */ = {isa = PBXFileReference; lastKnownFileType = sourcecode.swift; path = HapticButton.swift; sourceTree = "<group>"; };
		AD4DA6A11FDB607700ADC8B9 /* Colors.swift */ = {isa = PBXFileReference; lastKnownFileType = sourcecode.swift; path = Colors.swift; sourceTree = "<group>"; };
		ADB5F9271FDE22ED00BC3F90 /* InteractiveView.swift */ = {isa = PBXFileReference; lastKnownFileType = sourcecode.swift; path = InteractiveView.swift; sourceTree = "<group>"; };
		ADB5F9291FDE24B700BC3F90 /* LightView.swift */ = {isa = PBXFileReference; lastKnownFileType = sourcecode.swift; path = LightView.swift; sourceTree = "<group>"; };
/* End PBXFileReference section */

/* Begin PBXFrameworksBuildPhase section */
		AD4DA6851FDB384500ADC8B9 /* Frameworks */ = {
			isa = PBXFrameworksBuildPhase;
			buildActionMask = 2147483647;
			files = (
			);
			runOnlyForDeploymentPostprocessing = 0;
		};
/* End PBXFrameworksBuildPhase section */

/* Begin PBXGroup section */
		AD4DA67F1FDB384500ADC8B9 = {
			isa = PBXGroup;
			children = (
				AD4DA68A1FDB384500ADC8B9 /* HapticButtons */,
				AD4DA6891FDB384500ADC8B9 /* Products */,
			);
			sourceTree = "<group>";
		};
		AD4DA6891FDB384500ADC8B9 /* Products */ = {
			isa = PBXGroup;
			children = (
				AD4DA6881FDB384500ADC8B9 /* HapticButtons.app */,
			);
			name = Products;
			sourceTree = "<group>";
		};
		AD4DA68A1FDB384500ADC8B9 /* HapticButtons */ = {
			isa = PBXGroup;
			children = (
				AD4DA68B1FDB384500ADC8B9 /* AppDelegate.swift */,
				AD4DA68D1FDB384500ADC8B9 /* ViewController.swift */,
				ADB5F9271FDE22ED00BC3F90 /* InteractiveView.swift */,
				AD4DA69D1FDB38A600ADC8B9 /* HapticButton.swift */,
				ADB5F9291FDE24B700BC3F90 /* LightView.swift */,
				AD4DA6A11FDB607700ADC8B9 /* Colors.swift */,
				AD4DA68F1FDB384500ADC8B9 /* Main.storyboard */,
				AD4DA6921FDB384500ADC8B9 /* Assets.xcassets */,
				AD4DA6941FDB384500ADC8B9 /* LaunchScreen.storyboard */,
				AD4DA6971FDB384500ADC8B9 /* Info.plist */,
			);
			path = HapticButtons;
			sourceTree = "<group>";
		};
/* End PBXGroup section */

/* Begin PBXNativeTarget section */
		AD4DA6871FDB384500ADC8B9 /* HapticButtons */ = {
			isa = PBXNativeTarget;
			buildConfigurationList = AD4DA69A1FDB384500ADC8B9 /* Build configuration list for PBXNativeTarget "HapticButtons" */;
			buildPhases = (
				AD4DA6841FDB384500ADC8B9 /* Sources */,
				AD4DA6851FDB384500ADC8B9 /* Frameworks */,
				AD4DA6861FDB384500ADC8B9 /* Resources */,
			);
			buildRules = (
			);
			dependencies = (
			);
			name = HapticButtons;
			productName = HapticButtons;
			productReference = AD4DA6881FDB384500ADC8B9 /* HapticButtons.app */;
			productType = "com.apple.product-type.application";
		};
/* End PBXNativeTarget section */

/* Begin PBXProject section */
		AD4DA6801FDB384500ADC8B9 /* Project object */ = {
			isa = PBXProject;
			attributes = {
				LastSwiftUpdateCheck = 0920;
				LastUpgradeCheck = 0920;
				ORGANIZATIONNAME = "Michael Edenzon";
				TargetAttributes = {
					AD4DA6871FDB384500ADC8B9 = {
						CreatedOnToolsVersion = 9.2;
						ProvisioningStyle = Automatic;
					};
				};
			};
			buildConfigurationList = AD4DA6831FDB384500ADC8B9 /* Build configuration list for PBXProject "HapticButtons" */;
			compatibilityVersion = "Xcode 8.0";
			developmentRegion = en;
			hasScannedForEncodings = 0;
			knownRegions = (
				en,
				Base,
			);
			mainGroup = AD4DA67F1FDB384500ADC8B9;
			productRefGroup = AD4DA6891FDB384500ADC8B9 /* Products */;
			projectDirPath = "";
			projectRoot = "";
			targets = (
				AD4DA6871FDB384500ADC8B9 /* HapticButtons */,
			);
		};
/* End PBXProject section */

/* Begin PBXResourcesBuildPhase section */
		AD4DA6861FDB384500ADC8B9 /* Resources */ = {
			isa = PBXResourcesBuildPhase;
			buildActionMask = 2147483647;
			files = (
				AD4DA6961FDB384500ADC8B9 /* LaunchScreen.storyboard in Resources */,
				AD4DA6931FDB384500ADC8B9 /* Assets.xcassets in Resources */,
				AD4DA6911FDB384500ADC8B9 /* Main.storyboard in Resources */,
			);
			runOnlyForDeploymentPostprocessing = 0;
		};
/* End PBXResourcesBuildPhase section */

/* Begin PBXSourcesBuildPhase section */
		AD4DA6841FDB384500ADC8B9 /* Sources */ = {
			isa = PBXSourcesBuildPhase;
			buildActionMask = 2147483647;
			files = (
				AD4DA69E1FDB38A600ADC8B9 /* HapticButton.swift in Sources */,
				ADB5F92A1FDE24B700BC3F90 /* LightView.swift in Sources */,
				ADB5F9281FDE22ED00BC3F90 /* InteractiveView.swift in Sources */,
				AD4DA6A21FDB607700ADC8B9 /* Colors.swift in Sources */,
				AD4DA68E1FDB384500ADC8B9 /* ViewController.swift in Sources */,
				AD4DA68C1FDB384500ADC8B9 /* AppDelegate.swift in Sources */,
			);
			runOnlyForDeploymentPostprocessing = 0;
		};
/* End PBXSourcesBuildPhase section */

/* Begin PBXVariantGroup section */
		AD4DA68F1FDB384500ADC8B9 /* Main.storyboard */ = {
			isa = PBXVariantGroup;
			children = (
				AD4DA6901FDB384500ADC8B9 /* Base */,
			);
			name = Main.storyboard;
			sourceTree = "<group>";
		};
		AD4DA6941FDB384500ADC8B9 /* LaunchScreen.storyboard */ = {
			isa = PBXVariantGroup;
			children = (
				AD4DA6951FDB384500ADC8B9 /* Base */,
			);
			name = LaunchScreen.storyboard;
			sourceTree = "<group>";
		};
/* End PBXVariantGroup section */

/* Begin XCBuildConfiguration section */
		AD4DA6981FDB384500ADC8B9 /* Debug */ = {
			isa = XCBuildConfiguration;
			buildSettings = {
				ALWAYS_SEARCH_USER_PATHS = NO;
				CLANG_ANALYZER_NONNULL = YES;
				CLANG_ANALYZER_NUMBER_OBJECT_CONVERSION = YES_AGGRESSIVE;
				CLANG_CXX_LANGUAGE_STANDARD = "gnu++14";
				CLANG_CXX_LIBRARY = "libc++";
				CLANG_ENABLE_MODULES = YES;
				CLANG_ENABLE_OBJC_ARC = YES;
				CLANG_WARN_BLOCK_CAPTURE_AUTORELEASING = YES;
				CLANG_WARN_BOOL_CONVERSION = YES;
				CLANG_WARN_COMMA = YES;
				CLANG_WARN_CONSTANT_CONVERSION = YES;
				CLANG_WARN_DIRECT_OBJC_ISA_USAGE = YES_ERROR;
				CLANG_WARN_DOCUMENTATION_COMMENTS = YES;
				CLANG_WARN_EMPTY_BODY = YES;
				CLANG_WARN_ENUM_CONVERSION = YES;
				CLANG_WARN_INFINITE_RECURSION = YES;
				CLANG_WARN_INT_CONVERSION = YES;
				CLANG_WARN_NON_LITERAL_NULL_CONVERSION = YES;
				CLANG_WARN_OBJC_LITERAL_CONVERSION = YES;
				CLANG_WARN_OBJC_ROOT_CLASS = YES_ERROR;
				CLANG_WARN_RANGE_LOOP_ANALYSIS = YES;
				CLANG_WARN_STRICT_PROTOTYPES = YES;
				CLANG_WARN_SUSPICIOUS_MOVE = YES;
				CLANG_WARN_UNGUARDED_AVAILABILITY = YES_AGGRESSIVE;
				CLANG_WARN_UNREACHABLE_CODE = YES;
				CLANG_WARN__DUPLICATE_METHOD_MATCH = YES;
				CODE_SIGN_IDENTITY = "iPhone Developer";
				COPY_PHASE_STRIP = NO;
				DEBUG_INFORMATION_FORMAT = dwarf;
				ENABLE_STRICT_OBJC_MSGSEND = YES;
				ENABLE_TESTABILITY = YES;
				GCC_C_LANGUAGE_STANDARD = gnu11;
				GCC_DYNAMIC_NO_PIC = NO;
				GCC_NO_COMMON_BLOCKS = YES;
				GCC_OPTIMIZATION_LEVEL = 0;
				GCC_PREPROCESSOR_DEFINITIONS = (
					"DEBUG=1",
					"$(inherited)",
				);
				GCC_WARN_64_TO_32_BIT_CONVERSION = YES;
				GCC_WARN_ABOUT_RETURN_TYPE = YES_ERROR;
				GCC_WARN_UNDECLARED_SELECTOR = YES;
				GCC_WARN_UNINITIALIZED_AUTOS = YES_AGGRESSIVE;
				GCC_WARN_UNUSED_FUNCTION = YES;
				GCC_WARN_UNUSED_VARIABLE = YES;
				IPHONEOS_DEPLOYMENT_TARGET = 11.2;
				MTL_ENABLE_DEBUG_INFO = YES;
				ONLY_ACTIVE_ARCH = YES;
				SDKROOT = iphoneos;
				SWIFT_ACTIVE_COMPILATION_CONDITIONS = DEBUG;
				SWIFT_OPTIMIZATION_LEVEL = "-Onone";
			};
			name = Debug;
		};
		AD4DA6991FDB384500ADC8B9 /* Release */ = {
			isa = XCBuildConfiguration;
			buildSettings = {
				ALWAYS_SEARCH_USER_PATHS = NO;
				CLANG_ANALYZER_NONNULL = YES;
				CLANG_ANALYZER_NUMBER_OBJECT_CONVERSION = YES_AGGRESSIVE;
				CLANG_CXX_LANGUAGE_STANDARD = "gnu++14";
				CLANG_CXX_LIBRARY = "libc++";
				CLANG_ENABLE_MODULES = YES;
				CLANG_ENABLE_OBJC_ARC = YES;
				CLANG_WARN_BLOCK_CAPTURE_AUTORELEASING = YES;
				CLANG_WARN_BOOL_CONVERSION = YES;
				CLANG_WARN_COMMA = YES;
				CLANG_WARN_CONSTANT_CONVERSION = YES;
				CLANG_WARN_DIRECT_OBJC_ISA_USAGE = YES_ERROR;
				CLANG_WARN_DOCUMENTATION_COMMENTS = YES;
				CLANG_WARN_EMPTY_BODY = YES;
				CLANG_WARN_ENUM_CONVERSION = YES;
				CLANG_WARN_INFINITE_RECURSION = YES;
				CLANG_WARN_INT_CONVERSION = YES;
				CLANG_WARN_NON_LITERAL_NULL_CONVERSION = YES;
				CLANG_WARN_OBJC_LITERAL_CONVERSION = YES;
				CLANG_WARN_OBJC_ROOT_CLASS = YES_ERROR;
				CLANG_WARN_RANGE_LOOP_ANALYSIS = YES;
				CLANG_WARN_STRICT_PROTOTYPES = YES;
				CLANG_WARN_SUSPICIOUS_MOVE = YES;
				CLANG_WARN_UNGUARDED_AVAILABILITY = YES_AGGRESSIVE;
				CLANG_WARN_UNREACHABLE_CODE = YES;
				CLANG_WARN__DUPLICATE_METHOD_MATCH = YES;
				CODE_SIGN_IDENTITY = "iPhone Developer";
				COPY_PHASE_STRIP = NO;
				DEBUG_INFORMATION_FORMAT = "dwarf-with-dsym";
				ENABLE_NS_ASSERTIONS = NO;
				ENABLE_STRICT_OBJC_MSGSEND = YES;
				GCC_C_LANGUAGE_STANDARD = gnu11;
				GCC_NO_COMMON_BLOCKS = YES;
				GCC_WARN_64_TO_32_BIT_CONVERSION = YES;
				GCC_WARN_ABOUT_RETURN_TYPE = YES_ERROR;
				GCC_WARN_UNDECLARED_SELECTOR = YES;
				GCC_WARN_UNINITIALIZED_AUTOS = YES_AGGRESSIVE;
				GCC_WARN_UNUSED_FUNCTION = YES;
				GCC_WARN_UNUSED_VARIABLE = YES;
				IPHONEOS_DEPLOYMENT_TARGET = 11.2;
				MTL_ENABLE_DEBUG_INFO = NO;
				SDKROOT = iphoneos;
				SWIFT_OPTIMIZATION_LEVEL = "-Owholemodule";
				VALIDATE_PRODUCT = YES;
			};
			name = Release;
		};
		AD4DA69B1FDB384500ADC8B9 /* Debug */ = {
			isa = XCBuildConfiguration;
			buildSettings = {
				ASSETCATALOG_COMPILER_APPICON_NAME = AppIcon;
				CODE_SIGN_STYLE = Automatic;
				DEVELOPMENT_TEAM = 5HPXGDUGWR;
				INFOPLIST_FILE = HapticButtons/Info.plist;
				IPHONEOS_DEPLOYMENT_TARGET = 11.0;
				LD_RUNPATH_SEARCH_PATHS = "$(inherited) @executable_path/Frameworks";
				PRODUCT_BUNDLE_IDENTIFIER = michaeledenzon.HapticButtons;
				PRODUCT_NAME = HapticButtons;
				SWIFT_VERSION = 4.0;
				TARGETED_DEVICE_FAMILY = 1;
			};
			name = Debug;
		};
		AD4DA69C1FDB384500ADC8B9 /* Release */ = {
			isa = XCBuildConfiguration;
			buildSettings = {
				ASSETCATALOG_COMPILER_APPICON_NAME = AppIcon;
				CODE_SIGN_STYLE = Automatic;
				DEVELOPMENT_TEAM = 5HPXGDUGWR;
				INFOPLIST_FILE = HapticButtons/Info.plist;
				IPHONEOS_DEPLOYMENT_TARGET = 11.0;
				LD_RUNPATH_SEARCH_PATHS = "$(inherited) @executable_path/Frameworks";
				PRODUCT_BUNDLE_IDENTIFIER = michaeledenzon.HapticButtons;
				PRODUCT_NAME = HapticButtons;
				SWIFT_VERSION = 4.0;
				TARGETED_DEVICE_FAMILY = 1;
			};
			name = Release;
		};
/* End XCBuildConfiguration section */

/* Begin XCConfigurationList section */
		AD4DA6831FDB384500ADC8B9 /* Build configuration list for PBXProject "HapticButtons" */ = {
			isa = XCConfigurationList;
			buildConfigurations = (
				AD4DA6981FDB384500ADC8B9 /* Debug */,
				AD4DA6991FDB384500ADC8B9 /* Release */,
			);
			defaultConfigurationIsVisible = 0;
			defaultConfigurationName = Release;
		};
		AD4DA69A1FDB384500ADC8B9 /* Build configuration list for PBXNativeTarget "HapticButtons" */ = {
			isa = XCConfigurationList;
			buildConfigurations = (
				AD4DA69B1FDB384500ADC8B9 /* Debug */,
				AD4DA69C1FDB384500ADC8B9 /* Release */,
			);
			defaultConfigurationIsVisible = 0;
			defaultConfigurationName = Release;
		};
/* End XCConfigurationList section */
	};
	rootObject = AD4DA6801FDB384500ADC8B9 /* Project object */;
}
